<?xml version="1.0" encoding="utf-8"?>
<Project ToolsVersion="4.0" xmlns="http://schemas.microsoft.com/developer/msbuild/2003">
  <ItemGroup>
    <Filter Include="Source Files">
      <UniqueIdentifier>{4FC737F1-C7A5-4376-A066-2A32D752A2FF}</UniqueIdentifier>
      <Extensions>cpp;c;cc;cxx;def;odl;idl;hpj;bat;asm;asmx</Extensions>
    </Filter>
    <Filter Include="Header Files">
      <UniqueIdentifier>{93995380-89BD-4b04-88EB-625FBE52EBFB}</UniqueIdentifier>
      <Extensions>h;hh;hpp;hxx;hm;inl;inc;xsd</Extensions>
    </Filter>
    <Filter Include="Resource Files">
      <UniqueIdentifier>{D9D6E242-F8AF-46E4-B9FD-80ECBC20BA3E}</UniqueIdentifier>
      <Extensions>qrc;*</Extensions>
      <ParseFiles>false</ParseFiles>
    </Filter>
    <Filter Include="Resource Files">
      <UniqueIdentifier>{D9D6E242-F8AF-46E4-B9FD-80ECBC20BA3E}</UniqueIdentifier>
      <Extensions>qrc;*</Extensions>
      <ParseFiles>false</ParseFiles>
    </Filter>
    <Filter Include="Generated Files">
      <UniqueIdentifier>{71ED8ED8-ACB9-4CE9-BBE1-E00B30144E11}</UniqueIdentifier>
      <Extensions>moc;h;cpp</Extensions>
      <SourceControlFiles>False</SourceControlFiles>
    </Filter>
    <Filter Include="Signaling">
      <UniqueIdentifier>{adf27434-33f2-4ae8-bdfa-2872ba5dcf33}</UniqueIdentifier>
    </Filter>
    <Filter Include="HttpAPI">
      <UniqueIdentifier>{e0a21cce-8991-4f8a-9835-bde71fdb3160}</UniqueIdentifier>
    </Filter>
    <Filter Include="SocketIO">
      <UniqueIdentifier>{b538d44a-4949-4461-a52d-c03548f166de}</UniqueIdentifier>
    </Filter>
  </ItemGroup>
  <ItemGroup>
    <ClCompile Include="WebrtcLogic.cpp">
      <Filter>Source Files</Filter>
    </ClCompile>
    <ClCompile Include="stdafx.cpp">
      <Filter>Source Files</Filter>
    </ClCompile>
    <ClCompile Include="defaults.cc">
      <Filter>Source Files</Filter>
    </ClCompile>
    <ClCompile Include="QConferenceManager.cpp">
      <Filter>Source Files</Filter>
    </ClCompile>
    <ClCompile Include="QtWebrtcLocalStream.cpp">
      <Filter>Source Files</Filter>
    </ClCompile>
    <ClCompile Include="QtWebrtcStream.cpp">
      <Filter>Source Files</Filter>
    </ClCompile>
    <ClCompile Include="QtWebrtcRemoteStream.cpp">
      <Filter>Source Files</Filter>
    </ClCompile>
    <ClCompile Include="QtLicodeSignalling.cpp">
      <Filter>Signaling</Filter>
    </ClCompile>
    <ClCompile Include="HttpAPI\NetworkHelper.cpp">
      <Filter>HttpAPI</Filter>
    </ClCompile>
    <ClCompile Include="HttpAPI\ServerApi.cpp">
      <Filter>HttpAPI</Filter>
    </ClCompile>
    <ClCompile Include="HttpAPI\ServerHelper.cpp">
      <Filter>HttpAPI</Filter>
    </ClCompile>
    <ClCompile Include="SocketIO\QtSocketIoClient.cpp">
      <Filter>SocketIO</Filter>
    </ClCompile>
    <ClCompile Include="ComFunction.cpp">
      <Filter>Source Files</Filter>
    </ClCompile>
    <ClCompile Include="peer_connection_client.cpp">
      <Filter>Signaling</Filter>
    </ClCompile>
    <ClCompile Include="ConnecttionFactory.cpp">
      <Filter>Source Files</Filter>
    </ClCompile>
  </ItemGroup>
  <ItemGroup>
    <ClInclude Include="WebrtcLogic.h">
      <Filter>Header Files</Filter>
    </ClInclude>
    <ClInclude Include="stdafx.h">
      <Filter>Header Files</Filter>
    </ClInclude>
    <ClInclude Include="defaults.h">
      <Filter>Header Files</Filter>
    </ClInclude>
    <ClInclude Include="HttpAPI\ServerApi.h">
      <Filter>HttpAPI</Filter>
    </ClInclude>
    <ClInclude Include="HttpAPI\ServerHelper.h">
      <Filter>HttpAPI</Filter>
    </ClInclude>
    <ClInclude Include="ComFunction.h">
      <Filter>Header Files</Filter>
    </ClInclude>
    <ClInclude Include="ConnecttionFactory.h">
      <Filter>Header Files</Filter>
    </ClInclude>
    <ClInclude Include="QtWebrtcStream.h">
      <Filter>Header Files</Filter>
    </ClInclude>
  </ItemGroup>
  <ItemGroup>
    <ClInclude Include="webrtclogic_global.h">
      <Filter>Header Files</Filter>
    </ClInclude>
  </ItemGroup>
  <ItemGroup>
    <QtMoc Include="QConferenceManager.h">
      <Filter>Header Files</Filter>
    </QtMoc>
    <QtMoc Include="QtWebrtcRemoteStream.h">
      <Filter>Header Files</Filter>
    </QtMoc>
    <QtMoc Include="peer_connection_client.h">
      <Filter>Signaling</Filter>
    </QtMoc>
    <QtMoc Include="HttpAPI\NetworkHelper.h">
      <Filter>HttpAPI</Filter>
    </QtMoc>
    <QtMoc Include="SocketIO\QtSocketIoClient.h">
      <Filter>SocketIO</Filter>
    </QtMoc>
    <QtMoc Include="QtLicodeSignalling.h">
      <Filter>Signaling</Filter>
    </QtMoc>
    <QtMoc Include="QtWebrtcLocalStream.h">
      <Filter>Header Files</Filter>
    </QtMoc>
  </ItemGroup>
  <ItemGroup>
    <None Include="cpp.hint" />
  </ItemGroup>
</Project>